{
  "originHash" : "44d0676e18fe61db0d786357a69ab5cb446634e8cafc121f72906798d85b5d29",
  "pins" : [
    {
      "identity" : "metalvertexhelper",
      "kind" : "remoteSourceControl",
      "location" : "https://github.com/yukiny0811/MetalVertexHelper",
      "state" : {
        "revision" : "ae29be05145865e313ddfdacfceb5d4295489b3d",
        "version" : "1.0.2"
      }
    },
    {
      "identity" : "swift-syntax",
      "kind" : "remoteSourceControl",
      "location" : "https://github.com/swiftlang/swift-syntax.git",
      "state" : {
        "revision" : "0687f71944021d616d34d922343dcef086855920",
        "version" : "600.0.1"
      }
    }
  ],
  "version" : 3
}
